
Microsoft Visual Studio Solution File, Format Version 12.00
# Visual Studio Version 16
VisualStudioVersion = 16.0.32413.511
MinimumVisualStudioVersion = 10.0.40219.1
Project("{FAE04EC0-301F-11D3-BF4B-00C04F79EFBC}") = "PracticaMatriz", "PracticaMatriz\PracticaMatriz.csproj", "{11D52122-8AC6-4B7C-BDE6-57994811CFB4}"
EndProject
Global
	GlobalSection(SolutionConfigurationPlatforms) = preSolution
		Debug|Any CPU = Debug|Any CPU
		Release|Any CPU = Release|Any CPU
	EndGlobalSection
	GlobalSection(ProjectConfigurationPlatforms) = postSolution
		{11D52122-8AC6-4B7C-BDE6-57994811CFB4}.Debug|Any CPU.ActiveCfg = Debug|Any CPU
		{11D52122-8AC6-4B7C-BDE6-57994811CFB4}.Debug|Any CPU.Build.0 = Debug|Any CPU
		{11D52122-8AC6-4B7C-BDE6-57994811CFB4}.Release|Any CPU.ActiveCfg = Release|Any CPU
		{11D52122-8AC6-4B7C-BDE6-57994811CFB4}.Release|Any CPU.Build.0 = Release|Any CPU
	EndGlobalSection
	GlobalSection(SolutionProperties) = preSolution
		HideSolutionNode = FALSE
	EndGlobalSection
	GlobalSection(ExtensibilityGlobals) = postSolution
		SolutionGuid = {B59B1D9C-0066-4D85-B3E7-37CA5E6F9B2E}
	EndGlobalSection
EndGlobal
